{
  "name": "llmfm",
  "version": "0.9.1",
  "lockfileVersion": 3,
  "requires": true,
  "packages": {
    "": {
      "name": "llmfm",
      "version": "0.9.1",
      "license": "MIT",
      "os": [
        "win32"
      ],
      "dependencies": {
        "@tonejs/midi": "^2.0.28"
      },
      "bin": {
        "llmfm": "bin/llmfm.ts"
      },
      "devDependencies": {
        "@types/node": "^24.0.0",
        "typescript": "^5.7.0"
      },
      "engines": {
        "node": ">=24.0.0"
      }
    },
    "node_modules/@tonejs/midi": {
      "version": "2.0.28",
      "resolved": "https://ms-feed-25.pkgs.visualstudio.com/1es-public/_packaging/npm-public/npm/registry/@tonejs/midi/-/midi-2.0.28.tgz",
      "integrity": "sha1-L60PYqqalasLXxUabc8DQI+NVEI=",
      "license": "MIT",
      "dependencies": {
        "array-flatten": "^3.0.0",
        "midi-file": "^1.2.2"
      }
    },
    "node_modules/@types/node": {
      "version": "24.13.3",
      "resolved": "https://ms-feed-25.pkgs.visualstudio.com/1es-public/_packaging/npm-public/npm/registry/@types/node/-/node-24.13.3.tgz",
      "integrity": "sha1-SfGL08ZHhm3NpRoHVsFF4UWQzhY=",
      "dev": true,
      "license": "MIT",
      "dependencies": {
        "undici-types": "~7.18.0"
      }
    },
    "node_modules/array-flatten": {
      "version": "3.0.0",
      "resolved": "https://ms-feed-25.pkgs.visualstudio.com/1es-public/_packaging/npm-public/npm/registry/array-flatten/-/array-flatten-3.0.0.tgz",
      "integrity": "sha1-ZCjKLuUse4IxkuxgD6PtLxV81UE=",
      "license": "MIT"
    },
    "node_modules/midi-file": {
      "version": "1.2.4",
      "resolved": "https://ms-feed-25.pkgs.visualstudio.com/1es-public/_packaging/npm-public/npm/registry/midi-file/-/midi-file-1.2.4.tgz",
      "integrity": "sha1-5YA6j8ec3RaSrG72sUkQQ7OX64c=",
      "license": "MIT"
    },
    "node_modules/typescript": {
      "version": "5.9.3",
      "resolved": "https://ms-feed-25.pkgs.visualstudio.com/1es-public/_packaging/npm-public/npm/registry/typescript/-/typescript-5.9.3.tgz",
      "integrity": "sha1-W09Z4VMQqxeiFvXWz1PuR27eZw8=",
      "dev": true,
      "license": "Apache-2.0",
      "bin": {
        "tsc": "bin/tsc",
        "tsserver": "bin/tsserver"
      },
      "engines": {
        "node": ">=14.17"
      }
    },
    "node_modules/undici-types": {
      "version": "7.18.2",
      "resolved": "https://ms-feed-25.pkgs.visualstudio.com/1es-public/_packaging/npm-public/npm/registry/undici-types/-/undici-types-7.18.2.tgz",
      "integrity": "sha1-KTV6iee3ykrvO/D9P9DNc4hCKek=",
      "dev": true,
      "license": "MIT"
    }
  }
}
